
Microsoft Visual Studio Solution File, Format Version 12.00
# Visual Studio Version 16
VisualStudioVersion = 16.0.31624.102
MinimumVisualStudioVersion = 10.0.40219.1
Project("{8BC9CEB8-8B4A-11D0-8D11-00A0C91BC942}") = "Cquid_Game", "Cquid_Game\Cquid_Game.vcxproj", "{C0600D57-2127-4129-B8CA-16ABD11AAFE5}"
EndProject
Global
	GlobalSection(SolutionConfigurationPlatforms) = preSolution
		Debug|x64 = Debug|x64
		Debug|x86 = Debug|x86
		Release|x64 = Release|x64
		Release|x86 = Release|x86
	EndGlobalSection
	GlobalSection(ProjectConfigurationPlatforms) = postSolution
		{C0600D57-2127-4129-B8CA-16ABD11AAFE5}.Debug|x64.ActiveCfg = Debug|x64
		{C0600D57-2127-4129-B8CA-16ABD11AAFE5}.Debug|x64.Build.0 = Debug|x64
		{C0600D57-2127-4129-B8CA-16ABD11AAFE5}.Debug|x86.ActiveCfg = Debug|Win32
		{C0600D57-2127-4129-B8CA-16ABD11AAFE5}.Debug|x86.Build.0 = Debug|Win32
		{C0600D57-2127-4129-B8CA-16ABD11AAFE5}.Release|x64.ActiveCfg = Release|x64
		{C0600D57-2127-4129-B8CA-16ABD11AAFE5}.Release|x64.Build.0 = Release|x64
		{C0600D57-2127-4129-B8CA-16ABD11AAFE5}.Release|x86.ActiveCfg = Release|Win32
		{C0600D57-2127-4129-B8CA-16ABD11AAFE5}.Release|x86.Build.0 = Release|Win32
	EndGlobalSection
	GlobalSection(SolutionProperties) = preSolution
		HideSolutionNode = FALSE
	EndGlobalSection
	GlobalSection(ExtensibilityGlobals) = postSolution
		SolutionGuid = {7A6AB6EA-2AE1-4163-806B-BB6846B2FD86}
	EndGlobalSection
EndGlobal
